<?xml version="1.0" encoding="utf-8"?>
<Project ToolsVersion="4.0" xmlns="http://schemas.microsoft.com/developer/msbuild/2003">
  <ItemGroup>
    <Filter Include="Source Files">
      <UniqueIdentifier>{4FC737F1-C7A5-4376-A066-2A32D752A2FF}</UniqueIdentifier>
      <Extensions>cpp;c;cc;cxx;c++;cppm;ixx;def;odl;idl;hpj;bat;asm;asmx</Extensions>
    </Filter>
    <Filter Include="Header Files">
      <UniqueIdentifier>{93995380-89BD-4b04-88EB-625FBE52EBFB}</UniqueIdentifier>
      <Extensions>h;hh;hpp;hxx;h++;hm;inl;inc;ipp;xsd</Extensions>
    </Filter>
    <Filter Include="Resource Files">
      <UniqueIdentifier>{67DA6AB6-F800-4c08-8B7A-83BB121AAD01}</UniqueIdentifier>
      <Extensions>rc;ico;cur;bmp;dlg;rc2;rct;bin;rgs;gif;jpg;jpeg;jpe;resx;tiff;tif;png;wav;mfcribbon-ms</Extensions>
    </Filter>
  </ItemGroup>
  <ItemGroup>
    <ClCompile Include="src\xmc.cpp">
      <Filter>Source Files</Filter>
    </ClCompile>
    <ClCompile Include="src\experiments.cpp">
      <Filter>Source Files</Filter>
    </ClCompile>
    <ClCompile Include="src\tool\Coff.cpp">
      <Filter>Source Files</Filter>
    </ClCompile>
    <ClCompile Include="src\tool\Logger.cpp">
      <Filter>Source Files</Filter>
    </ClCompile>
    <ClCompile Include="src\process\CmdLine.cpp">
      <Filter>Source Files</Filter>
    </ClCompile>
    <ClCompile Include="src\pch.cpp">
      <Filter>Source Files</Filter>
    </ClCompile>
    <ClCompile Include="src\tool\StringFunctions.cpp">
      <Filter>Source Files</Filter>
    </ClCompile>
    <ClCompile Include="src\process\ProjectFile.cpp">
      <Filter>Source Files</Filter>
    </ClCompile>
    <ClCompile Include="src\process\Linker.cpp">
      <Filter>Source Files</Filter>
    </ClCompile>
    <ClCompile Include="src\process\Util.cpp">
      <Filter>Source Files</Filter>
    </ClCompile>
    <ClCompile Include="src\process\Emitter.cpp">
      <Filter>Source Files</Filter>
    </ClCompile>
    <ClCompile Include="src\process\Parser.cpp">
      <Filter>Source Files</Filter>
    </ClCompile>
    <ClCompile Include="src\prebuild\XmaParser.cpp">
      <Filter>Source Files</Filter>
    </ClCompile>
    <ClCompile Include="src\process\LoadModifiedSources.cpp">
      <Filter>Source Files</Filter>
    </ClCompile>
    <ClCompile Include="src\process\Xmo.cpp">
      <Filter>Source Files</Filter>
    </ClCompile>
  </ItemGroup>
  <ItemGroup>
    <Text Include="doc\The xmc programming language.txt" />
    <Text Include="doc\AI dumps.txt" />
    <Text Include="doc\AI_conversation_journal.txt" />
    <Text Include="doc\journal.txt" />
  </ItemGroup>
  <ItemGroup>
    <ClInclude Include="src\experiments.h">
      <Filter>Header Files</Filter>
    </ClInclude>
    <ClInclude Include="src\tool\Coff.h">
      <Filter>Header Files</Filter>
    </ClInclude>
    <ClInclude Include="src\tool\Logger.h">
      <Filter>Header Files</Filter>
    </ClInclude>
    <ClInclude Include="src\data\CmdLineData.h">
      <Filter>Header Files</Filter>
    </ClInclude>
    <ClInclude Include="src\process\CmdLine.h">
      <Filter>Header Files</Filter>
    </ClInclude>
    <ClInclude Include="src\pch.h">
      <Filter>Header Files</Filter>
    </ClInclude>
    <ClInclude Include="src\stl.h">
      <Filter>Header Files</Filter>
    </ClInclude>
    <ClInclude Include="src\win32.h">
      <Filter>Header Files</Filter>
    </ClInclude>
    <ClInclude Include="src\data\GlobalData.h">
      <Filter>Header Files</Filter>
    </ClInclude>
    <ClInclude Include="src\tool\StringFunctions.h">
      <Filter>Header Files</Filter>
    </ClInclude>
    <ClInclude Include="src\tool\TextParser.h">
      <Filter>Header Files</Filter>
    </ClInclude>
    <ClInclude Include="src\data\ProjectFileData.h">
      <Filter>Header Files</Filter>
    </ClInclude>
    <ClInclude Include="src\process\ProjectFile.h">
      <Filter>Header Files</Filter>
    </ClInclude>
    <ClInclude Include="src\process\Linker.h">
      <Filter>Header Files</Filter>
    </ClInclude>
    <ClInclude Include="src\data\LinkerData.h">
      <Filter>Header Files</Filter>
    </ClInclude>
    <ClInclude Include="src\process\Util.h">
      <Filter>Header Files</Filter>
    </ClInclude>
    <ClInclude Include="src\data\EmitterData.h">
      <Filter>Header Files</Filter>
    </ClInclude>
    <ClInclude Include="src\process\Emitter.h">
      <Filter>Header Files</Filter>
    </ClInclude>
    <ClInclude Include="src\data\XmoData.h">
      <Filter>Header Files</Filter>
    </ClInclude>
    <ClInclude Include="src\data\CodeBlock.h">
      <Filter>Header Files</Filter>
    </ClInclude>
    <ClInclude Include="src\data\PrimaryCodeBlocks.h">
      <Filter>Header Files</Filter>
    </ClInclude>
    <ClInclude Include="src\data\AltCodeBlocks.h">
      <Filter>Header Files</Filter>
    </ClInclude>
    <ClInclude Include="src\process\Parser.h">
      <Filter>Header Files</Filter>
    </ClInclude>
    <ClInclude Include="src\data\ParserData.h">
      <Filter>Header Files</Filter>
    </ClInclude>
    <ClInclude Include="src\prebuild\XmaParser.h">
      <Filter>Header Files</Filter>
    </ClInclude>
    <ClInclude Include="src\tool\BS_thread_pool.hpp">
      <Filter>Header Files</Filter>
    </ClInclude>
    <ClInclude Include="src\data\SourceFileData.h">
      <Filter>Header Files</Filter>
    </ClInclude>
    <ClInclude Include="src\data\MemoryData.h">
      <Filter>Header Files</Filter>
    </ClInclude>
    <ClInclude Include="src\data\Arena.h">
      <Filter>Header Files</Filter>
    </ClInclude>
  </ItemGroup>
  <ItemGroup>
    <None Include="tests\hello\hello.xmc" />
    <None Include="tests\xmdev\Test01.xm_" />
    <None Include="src\prebuild\PrimaryCodeBlocks.xma" />
    <None Include="tests\xmdev\extern.xm_" />
    <None Include="tests\xmdev\xmdev.xmc" />
  </ItemGroup>
</Project>